
Microsoft Visual Studio Solution File, Format Version 12.00
# Visual Studio Version 17
VisualStudioVersion = 17.13.35818.85
MinimumVisualStudioVersion = 10.0.40219.1
Project("{FAE04EC0-301F-11D3-BF4B-00C04F79EFBC}") = "WebApp", "WebApp\WebApp.csproj", "{5E00B868-75DE-4E89-8E41-C12B31267834}"
EndProject
Project("{FAE04EC0-301F-11D3-BF4B-00C04F79EFBC}") = "Business", "Business\Business.csproj", "{A765C013-9C5D-4EE3-8BCC-445837126A95}"
EndProject
Project("{FAE04EC0-301F-11D3-BF4B-00C04F79EFBC}") = "Data", "Data\Data.csproj", "{5C9EF9D4-AEED-46CC-AEF2-B0AA824FEBEA}"
EndProject
Project("{FAE04EC0-301F-11D3-BF4B-00C04F79EFBC}") = "Domain", "Domain\Domain.csproj", "{B14D1D17-ED11-45EA-A403-A4E66111C1CD}"
EndProject
Global
	GlobalSection(SolutionConfigurationPlatforms) = preSolution
		Debug|Any CPU = Debug|Any CPU
		Release|Any CPU = Release|Any CPU
	EndGlobalSection
	GlobalSection(ProjectConfigurationPlatforms) = postSolution
		{5E00B868-75DE-4E89-8E41-C12B31267834}.Debug|Any CPU.ActiveCfg = Debug|Any CPU
		{5E00B868-75DE-4E89-8E41-C12B31267834}.Debug|Any CPU.Build.0 = Debug|Any CPU
		{5E00B868-75DE-4E89-8E41-C12B31267834}.Release|Any CPU.ActiveCfg = Release|Any CPU
		{5E00B868-75DE-4E89-8E41-C12B31267834}.Release|Any CPU.Build.0 = Release|Any CPU
		{A765C013-9C5D-4EE3-8BCC-445837126A95}.Debug|Any CPU.ActiveCfg = Debug|Any CPU
		{A765C013-9C5D-4EE3-8BCC-445837126A95}.Debug|Any CPU.Build.0 = Debug|Any CPU
		{A765C013-9C5D-4EE3-8BCC-445837126A95}.Release|Any CPU.ActiveCfg = Release|Any CPU
		{A765C013-9C5D-4EE3-8BCC-445837126A95}.Release|Any CPU.Build.0 = Release|Any CPU
		{5C9EF9D4-AEED-46CC-AEF2-B0AA824FEBEA}.Debug|Any CPU.ActiveCfg = Debug|Any CPU
		{5C9EF9D4-AEED-46CC-AEF2-B0AA824FEBEA}.Debug|Any CPU.Build.0 = Debug|Any CPU
		{5C9EF9D4-AEED-46CC-AEF2-B0AA824FEBEA}.Release|Any CPU.ActiveCfg = Release|Any CPU
		{5C9EF9D4-AEED-46CC-AEF2-B0AA824FEBEA}.Release|Any CPU.Build.0 = Release|Any CPU
		{B14D1D17-ED11-45EA-A403-A4E66111C1CD}.Debug|Any CPU.ActiveCfg = Debug|Any CPU
		{B14D1D17-ED11-45EA-A403-A4E66111C1CD}.Debug|Any CPU.Build.0 = Debug|Any CPU
		{B14D1D17-ED11-45EA-A403-A4E66111C1CD}.Release|Any CPU.ActiveCfg = Release|Any CPU
		{B14D1D17-ED11-45EA-A403-A4E66111C1CD}.Release|Any CPU.Build.0 = Release|Any CPU
	EndGlobalSection
	GlobalSection(SolutionProperties) = preSolution
		HideSolutionNode = FALSE
	EndGlobalSection
	GlobalSection(ExtensibilityGlobals) = postSolution
		SolutionGuid = {D91719F3-11A8-4A59-9AC0-9F006167246C}
	EndGlobalSection
EndGlobal
